
Microsoft Visual Studio Solution File, Format Version 12.00
# Visual Studio Version 17
VisualStudioVersion = 17.13.35825.156
MinimumVisualStudioVersion = 10.0.40219.1
Project("{FAE04EC0-301F-11D3-BF4B-00C04F79EFBC}") = "Itransition.Trainee.Web", "Itransition.Trainee.Web.csproj", "{43C2F84B-C131-4873-B3FE-379FD3179623}"
EndProject
Project("{FAE04EC0-301F-11D3-BF4B-00C04F79EFBC}") = "Itransition.Trainee.Web.Data", "..\Itransition.Trainee.Web.Data\Itransition.Trainee.Web.Data.csproj", "{2A92BAF8-1036-4ED3-9613-D85B47841C07}"
EndProject
Project("{FAE04EC0-301F-11D3-BF4B-00C04F79EFBC}") = "Itransition.Trainee.Web.Data.Interface", "..\Itransition.Trainee.Web.Data.Interface\Itransition.Trainee.Web.Data.Interface.csproj", "{AB4A7F94-9E4B-4AD9-8493-4149B61C5BF2}"
EndProject
Global
	GlobalSection(SolutionConfigurationPlatforms) = preSolution
		Debug|Any CPU = Debug|Any CPU
		Release|Any CPU = Release|Any CPU
	EndGlobalSection
	GlobalSection(ProjectConfigurationPlatforms) = postSolution
		{43C2F84B-C131-4873-B3FE-379FD3179623}.Debug|Any CPU.ActiveCfg = Debug|Any CPU
		{43C2F84B-C131-4873-B3FE-379FD3179623}.Debug|Any CPU.Build.0 = Debug|Any CPU
		{43C2F84B-C131-4873-B3FE-379FD3179623}.Release|Any CPU.ActiveCfg = Release|Any CPU
		{43C2F84B-C131-4873-B3FE-379FD3179623}.Release|Any CPU.Build.0 = Release|Any CPU
		{2A92BAF8-1036-4ED3-9613-D85B47841C07}.Debug|Any CPU.ActiveCfg = Debug|Any CPU
		{2A92BAF8-1036-4ED3-9613-D85B47841C07}.Debug|Any CPU.Build.0 = Debug|Any CPU
		{2A92BAF8-1036-4ED3-9613-D85B47841C07}.Release|Any CPU.ActiveCfg = Release|Any CPU
		{2A92BAF8-1036-4ED3-9613-D85B47841C07}.Release|Any CPU.Build.0 = Release|Any CPU
		{AB4A7F94-9E4B-4AD9-8493-4149B61C5BF2}.Debug|Any CPU.ActiveCfg = Debug|Any CPU
		{AB4A7F94-9E4B-4AD9-8493-4149B61C5BF2}.Debug|Any CPU.Build.0 = Debug|Any CPU
		{AB4A7F94-9E4B-4AD9-8493-4149B61C5BF2}.Release|Any CPU.ActiveCfg = Release|Any CPU
		{AB4A7F94-9E4B-4AD9-8493-4149B61C5BF2}.Release|Any CPU.Build.0 = Release|Any CPU
	EndGlobalSection
	GlobalSection(SolutionProperties) = preSolution
		HideSolutionNode = FALSE
	EndGlobalSection
	GlobalSection(ExtensibilityGlobals) = postSolution
		SolutionGuid = {21CFDCC4-6507-4888-85F9-91C9EDC04FB8}
	EndGlobalSection
EndGlobal
